
Microsoft Visual Studio Solution File, Format Version 12.00
# Visual Studio Version 16
VisualStudioVersion = 16.0.31129.286
MinimumVisualStudioVersion = 10.0.40219.1
Project("{FAE04EC0-301F-11D3-BF4B-00C04F79EFBC}") = "StringCalculator", "StringCalculator\StringCalculator.csproj", "{AA6B983A-2420-4BCC-874C-F732B5ECED87}"
EndProject
Project("{FAE04EC0-301F-11D3-BF4B-00C04F79EFBC}") = "StringCalculatorUnitTests", "StringCalculatorUnitTests\StringCalculatorUnitTests.csproj", "{C02712B0-9804-42AF-B480-9806495A9172}"
EndProject
Global
	GlobalSection(SolutionConfigurationPlatforms) = preSolution
		Debug|Any CPU = Debug|Any CPU
		Release|Any CPU = Release|Any CPU
	EndGlobalSection
	GlobalSection(ProjectConfigurationPlatforms) = postSolution
		{AA6B983A-2420-4BCC-874C-F732B5ECED87}.Debug|Any CPU.ActiveCfg = Debug|Any CPU
		{AA6B983A-2420-4BCC-874C-F732B5ECED87}.Debug|Any CPU.Build.0 = Debug|Any CPU
		{AA6B983A-2420-4BCC-874C-F732B5ECED87}.Release|Any CPU.ActiveCfg = Release|Any CPU
		{AA6B983A-2420-4BCC-874C-F732B5ECED87}.Release|Any CPU.Build.0 = Release|Any CPU
		{C02712B0-9804-42AF-B480-9806495A9172}.Debug|Any CPU.ActiveCfg = Debug|Any CPU
		{C02712B0-9804-42AF-B480-9806495A9172}.Debug|Any CPU.Build.0 = Debug|Any CPU
		{C02712B0-9804-42AF-B480-9806495A9172}.Release|Any CPU.ActiveCfg = Release|Any CPU
		{C02712B0-9804-42AF-B480-9806495A9172}.Release|Any CPU.Build.0 = Release|Any CPU
	EndGlobalSection
	GlobalSection(SolutionProperties) = preSolution
		HideSolutionNode = FALSE
	EndGlobalSection
	GlobalSection(ExtensibilityGlobals) = postSolution
		SolutionGuid = {44E9AA8C-AF32-4496-B84E-C36855CE4F00}
	EndGlobalSection
EndGlobal
